
Microsoft Visual Studio Solution File, Format Version 11.00
# Visual Studio 2010
Project("{8BC9CEB8-8B4A-11D0-8D11-00A0C91BC942}") = "vmp", "vmp\vmp.vcxproj", "{AA7BE6A4-1B4A-4697-BA7E-F33A9ADD1058}"
EndProject
Global
	GlobalSection(SolutionConfigurationPlatforms) = preSolution
		Debug|Win32 = Debug|Win32
		Release|Win32 = Release|Win32
	EndGlobalSection
	GlobalSection(ProjectConfigurationPlatforms) = postSolution
		{AA7BE6A4-1B4A-4697-BA7E-F33A9ADD1058}.Debug|Win32.ActiveCfg = Debug|Win32
		{AA7BE6A4-1B4A-4697-BA7E-F33A9ADD1058}.Debug|Win32.Build.0 = Debug|Win32
		{AA7BE6A4-1B4A-4697-BA7E-F33A9ADD1058}.Release|Win32.ActiveCfg = Release|Win32
		{AA7BE6A4-1B4A-4697-BA7E-F33A9ADD1058}.Release|Win32.Build.0 = Release|Win32
	EndGlobalSection
	GlobalSection(SolutionProperties) = preSolution
		HideSolutionNode = FALSE
	EndGlobalSection
EndGlobal
